
Microsoft Visual Studio Solution File, Format Version 12.00
# Visual Studio Version 17
VisualStudioVersion = 17.0.31919.166
MinimumVisualStudioVersion = 10.0.40219.1
Project("{FAE04EC0-301F-11D3-BF4B-00C04F79EFBC}") = "number guessing game", "number guessing game\number guessing game.csproj", "{4620D4A7-6D7D-4E0A-B506-CD2E518EEFC1}"
EndProject
Global
	GlobalSection(SolutionConfigurationPlatforms) = preSolution
		Debug|Any CPU = Debug|Any CPU
		Release|Any CPU = Release|Any CPU
	EndGlobalSection
	GlobalSection(ProjectConfigurationPlatforms) = postSolution
		{4620D4A7-6D7D-4E0A-B506-CD2E518EEFC1}.Debug|Any CPU.ActiveCfg = Debug|Any CPU
		{4620D4A7-6D7D-4E0A-B506-CD2E518EEFC1}.Debug|Any CPU.Build.0 = Debug|Any CPU
		{4620D4A7-6D7D-4E0A-B506-CD2E518EEFC1}.Release|Any CPU.ActiveCfg = Release|Any CPU
		{4620D4A7-6D7D-4E0A-B506-CD2E518EEFC1}.Release|Any CPU.Build.0 = Release|Any CPU
	EndGlobalSection
	GlobalSection(SolutionProperties) = preSolution
		HideSolutionNode = FALSE
	EndGlobalSection
	GlobalSection(ExtensibilityGlobals) = postSolution
		SolutionGuid = {2DCC3329-298E-4797-B231-2E2DFD808C48}
	EndGlobalSection
EndGlobal
